
Microsoft Visual Studio Solution File, Format Version 12.00
# Visual Studio Version 17
VisualStudioVersion = 17.12.35707.178 d17.12
MinimumVisualStudioVersion = 10.0.40219.1
Project("{FAE04EC0-301F-11D3-BF4B-00C04F79EFBC}") = "Task3Advanced", "Task3Advanced.csproj", "{C8454C15-943D-4B99-9A52-D796A1FCD29E}"
EndProject
Global
	GlobalSection(SolutionConfigurationPlatforms) = preSolution
		Debug|Any CPU = Debug|Any CPU
		Release|Any CPU = Release|Any CPU
	EndGlobalSection
	GlobalSection(ProjectConfigurationPlatforms) = postSolution
		{C8454C15-943D-4B99-9A52-D796A1FCD29E}.Debug|Any CPU.ActiveCfg = Debug|Any CPU
		{C8454C15-943D-4B99-9A52-D796A1FCD29E}.Debug|Any CPU.Build.0 = Debug|Any CPU
		{C8454C15-943D-4B99-9A52-D796A1FCD29E}.Release|Any CPU.ActiveCfg = Release|Any CPU
		{C8454C15-943D-4B99-9A52-D796A1FCD29E}.Release|Any CPU.Build.0 = Release|Any CPU
	EndGlobalSection
	GlobalSection(SolutionProperties) = preSolution
		HideSolutionNode = FALSE
	EndGlobalSection
EndGlobal
